// !$*UTF8*$!
{
	archiveVersion = 1;
	classes = {
	};
	objectVersion = 50;
	objects = {

/* Begin PBXBuildFile section */
		3F5A55342795A86B004C99F7 /* AppDelegate.m in Sources */ = {isa = PBXBuildFile; fileRef = 3F5A55332795A86B004C99F7 /* AppDelegate.m */; };
		3F5A55372795A86B004C99F7 /* SceneDelegate.m in Sources */ = {isa = PBXBuildFile; fileRef = 3F5A55362795A86B004C99F7 /* SceneDelegate.m */; };
		3F5A553A2795A86B004C99F7 /* ViewController.m in Sources */ = {isa = PBXBuildFile; fileRef = 3F5A55392795A86B004C99F7 /* ViewController.m */; };
		3F5A553D2795A86B004C99F7 /* Main.storyboard in Resources */ = {isa = PBXBuildFile; fileRef = 3F5A553B2795A86B004C99F7 /* Main.storyboard */; };
		3F5A553F2795A877004C99F7 /* Assets.xcassets in Resources */ = {isa = PBXBuildFile; fileRef = 3F5A553E2795A877004C99F7 /* Assets.xcassets */; };
		3F5A55422795A877004C99F7 /* LaunchScreen.storyboard in Resources */ = {isa = PBXBuildFile; fileRef = 3F5A55402795A877004C99F7 /* LaunchScreen.storyboard */; };
		3F5A55452795A877004C99F7 /* main.m in Sources */ = {isa = PBXBuildFile; fileRef = 3F5A55442795A877004C99F7 /* main.m */; };
		3F5A55552795AFD6004C99F7 /* DelegateObj2.m in Sources */ = {isa = PBXBuildFile; fileRef = 3F5A55542795AFD6004C99F7 /* DelegateObj2.m */; };
		3F5A555A2795AFE0004C99F7 /* DelegateObj3.m in Sources */ = {isa = PBXBuildFile; fileRef = 3F5A55592795AFE0004C99F7 /* DelegateObj3.m */; };
		3F5A555E2795E844004C99F7 /* TKMultipleDelegate.m in Sources */ = {isa = PBXBuildFile; fileRef = 3F5A555D2795E844004C99F7 /* TKMultipleDelegate.m */; };
/* End PBXBuildFile section */

/* Begin PBXFileReference section */
		3F1C78D72796C5050098BEB0 /* TKMultiDelegateDemo.entitlements */ = {isa = PBXFileReference; lastKnownFileType = text.plist.entitlements; path = TKMultiDelegateDemo.entitlements; sourceTree = "<group>"; };
		3F5A552F2795A86B004C99F7 /* TKMultiDelegateDemo.app */ = {isa = PBXFileReference; explicitFileType = wrapper.application; includeInIndex = 0; path = TKMultiDelegateDemo.app; sourceTree = BUILT_PRODUCTS_DIR; };
		3F5A55322795A86B004C99F7 /* AppDelegate.h */ = {isa = PBXFileReference; lastKnownFileType = sourcecode.c.h; path = AppDelegate.h; sourceTree = "<group>"; };
		3F5A55332795A86B004C99F7 /* AppDelegate.m */ = {isa = PBXFileReference; lastKnownFileType = sourcecode.c.objc; path = AppDelegate.m; sourceTree = "<group>"; };
		3F5A55352795A86B004C99F7 /* SceneDelegate.h */ = {isa = PBXFileReference; lastKnownFileType = sourcecode.c.h; path = SceneDelegate.h; sourceTree = "<group>"; };
		3F5A55362795A86B004C99F7 /* SceneDelegate.m */ = {isa = PBXFileReference; lastKnownFileType = sourcecode.c.objc; path = SceneDelegate.m; sourceTree = "<group>"; };
		3F5A55382795A86B004C99F7 /* ViewController.h */ = {isa = PBXFileReference; lastKnownFileType = sourcecode.c.h; path = ViewController.h; sourceTree = "<group>"; };
		3F5A55392795A86B004C99F7 /* ViewController.m */ = {isa = PBXFileReference; lastKnownFileType = sourcecode.c.objc; path = ViewController.m; sourceTree = "<group>"; };
		3F5A553C2795A86B004C99F7 /* Base */ = {isa = PBXFileReference; lastKnownFileType = file.storyboard; name = Base; path = Base.lproj/Main.storyboard; sourceTree = "<group>"; };
		3F5A553E2795A877004C99F7 /* Assets.xcassets */ = {isa = PBXFileReference; lastKnownFileType = folder.assetcatalog; path = Assets.xcassets; sourceTree = "<group>"; };
		3F5A55412795A877004C99F7 /* Base */ = {isa = PBXFileReference; lastKnownFileType = file.storyboard; name = Base; path = Base.lproj/LaunchScreen.storyboard; sourceTree = "<group>"; };
		3F5A55432795A877004C99F7 /* Info.plist */ = {isa = PBXFileReference; lastKnownFileType = text.plist.xml; path = Info.plist; sourceTree = "<group>"; };
		3F5A55442795A877004C99F7 /* main.m */ = {isa = PBXFileReference; lastKnownFileType = sourcecode.c.objc; path = main.m; sourceTree = "<group>"; };
		3F5A55522795AF26004C99F7 /* MuProtocol.h */ = {isa = PBXFileReference; lastKnownFileType = sourcecode.c.h; path = MuProtocol.h; sourceTree = "<group>"; };
		3F5A55532795AFD6004C99F7 /* DelegateObj2.h */ = {isa = PBXFileReference; lastKnownFileType = sourcecode.c.h; path = DelegateObj2.h; sourceTree = "<group>"; };
		3F5A55542795AFD6004C99F7 /* DelegateObj2.m */ = {isa = PBXFileReference; lastKnownFileType = sourcecode.c.objc; path = DelegateObj2.m; sourceTree = "<group>"; };
		3F5A55582795AFE0004C99F7 /* DelegateObj3.h */ = {isa = PBXFileReference; lastKnownFileType = sourcecode.c.h; path = DelegateObj3.h; sourceTree = "<group>"; };
		3F5A55592795AFE0004C99F7 /* DelegateObj3.m */ = {isa = PBXFileReference; lastKnownFileType = sourcecode.c.objc; path = DelegateObj3.m; sourceTree = "<group>"; };
		3F5A555C2795E844004C99F7 /* TKMultipleDelegate.h */ = {isa = PBXFileReference; lastKnownFileType = sourcecode.c.h; path = TKMultipleDelegate.h; sourceTree = "<group>"; };
		3F5A555D2795E844004C99F7 /* TKMultipleDelegate.m */ = {isa = PBXFileReference; lastKnownFileType = sourcecode.c.objc; path = TKMultipleDelegate.m; sourceTree = "<group>"; };
/* End PBXFileReference section */

/* Begin PBXFrameworksBuildPhase section */
		3F5A552C2795A86B004C99F7 /* Frameworks */ = {
			isa = PBXFrameworksBuildPhase;
			buildActionMask = 2147483647;
			files = (
			);
			runOnlyForDeploymentPostprocessing = 0;
		};
/* End PBXFrameworksBuildPhase section */

/* Begin PBXGroup section */
		3F5A55262795A86B004C99F7 = {
			isa = PBXGroup;
			children = (
				3F5A554C2795A890004C99F7 /* TKMultipleDelegate */,
				3F5A55312795A86B004C99F7 /* TKMultiDelegateDemo */,
				3F5A55302795A86B004C99F7 /* Products */,
			);
			sourceTree = "<group>";
		};
		3F5A55302795A86B004C99F7 /* Products */ = {
			isa = PBXGroup;
			children = (
				3F5A552F2795A86B004C99F7 /* TKMultiDelegateDemo.app */,
			);
			name = Products;
			sourceTree = "<group>";
		};
		3F5A55312795A86B004C99F7 /* TKMultiDelegateDemo */ = {
			isa = PBXGroup;
			children = (
				3F1C78D72796C5050098BEB0 /* TKMultiDelegateDemo.entitlements */,
				3F5A55322795A86B004C99F7 /* AppDelegate.h */,
				3F5A55332795A86B004C99F7 /* AppDelegate.m */,
				3F5A55352795A86B004C99F7 /* SceneDelegate.h */,
				3F5A55362795A86B004C99F7 /* SceneDelegate.m */,
				3F5A55522795AF26004C99F7 /* MuProtocol.h */,
				3F5A55532795AFD6004C99F7 /* DelegateObj2.h */,
				3F5A55542795AFD6004C99F7 /* DelegateObj2.m */,
				3F5A55582795AFE0004C99F7 /* DelegateObj3.h */,
				3F5A55592795AFE0004C99F7 /* DelegateObj3.m */,
				3F5A55382795A86B004C99F7 /* ViewController.h */,
				3F5A55392795A86B004C99F7 /* ViewController.m */,
				3F5A553B2795A86B004C99F7 /* Main.storyboard */,
				3F5A553E2795A877004C99F7 /* Assets.xcassets */,
				3F5A55402795A877004C99F7 /* LaunchScreen.storyboard */,
				3F5A55432795A877004C99F7 /* Info.plist */,
				3F5A55442795A877004C99F7 /* main.m */,
			);
			path = TKMultiDelegateDemo;
			sourceTree = "<group>";
		};
		3F5A554C2795A890004C99F7 /* TKMultipleDelegate */ = {
			isa = PBXGroup;
			children = (
				3F5A555C2795E844004C99F7 /* TKMultipleDelegate.h */,
				3F5A555D2795E844004C99F7 /* TKMultipleDelegate.m */,
			);
			path = TKMultipleDelegate;
			sourceTree = "<group>";
		};
/* End PBXGroup section */

/* Begin PBXNativeTarget section */
		3F5A552E2795A86B004C99F7 /* TKMultiDelegateDemo */ = {
			isa = PBXNativeTarget;
			buildConfigurationList = 3F5A55482795A877004C99F7 /* Build configuration list for PBXNativeTarget "TKMultiDelegateDemo" */;
			buildPhases = (
				3F5A552B2795A86B004C99F7 /* Sources */,
				3F5A552C2795A86B004C99F7 /* Frameworks */,
				3F5A552D2795A86B004C99F7 /* Resources */,
			);
			buildRules = (
			);
			dependencies = (
			);
			name = TKMultiDelegateDemo;
			productName = TKMultiDelegateDemo;
			productReference = 3F5A552F2795A86B004C99F7 /* TKMultiDelegateDemo.app */;
			productType = "com.apple.product-type.application";
		};
/* End PBXNativeTarget section */

/* Begin PBXProject section */
		3F5A55272795A86B004C99F7 /* Project object */ = {
			isa = PBXProject;
			attributes = {
				LastUpgradeCheck = 1240;
				TargetAttributes = {
					3F5A552E2795A86B004C99F7 = {
						CreatedOnToolsVersion = 12.4;
					};
				};
			};
			buildConfigurationList = 3F5A552A2795A86B004C99F7 /* Build configuration list for PBXProject "TKMultiDelegateDemo" */;
			compatibilityVersion = "Xcode 9.3";
			developmentRegion = en;
			hasScannedForEncodings = 0;
			knownRegions = (
				en,
				Base,
			);
			mainGroup = 3F5A55262795A86B004C99F7;
			productRefGroup = 3F5A55302795A86B004C99F7 /* Products */;
			projectDirPath = "";
			projectRoot = "";
			targets = (
				3F5A552E2795A86B004C99F7 /* TKMultiDelegateDemo */,
			);
		};
/* End PBXProject section */

/* Begin PBXResourcesBuildPhase section */
		3F5A552D2795A86B004C99F7 /* Resources */ = {
			isa = PBXResourcesBuildPhase;
			buildActionMask = 2147483647;
			files = (
				3F5A55422795A877004C99F7 /* LaunchScreen.storyboard in Resources */,
				3F5A553F2795A877004C99F7 /* Assets.xcassets in Resources */,
				3F5A553D2795A86B004C99F7 /* Main.storyboard in Resources */,
			);
			runOnlyForDeploymentPostprocessing = 0;
		};
/* End PBXResourcesBuildPhase section */

/* Begin PBXSourcesBuildPhase section */
		3F5A552B2795A86B004C99F7 /* Sources */ = {
			isa = PBXSourcesBuildPhase;
			buildActionMask = 2147483647;
			files = (
				3F5A553A2795A86B004C99F7 /* ViewController.m in Sources */,
				3F5A55552795AFD6004C99F7 /* DelegateObj2.m in Sources */,
				3F5A55342795A86B004C99F7 /* AppDelegate.m in Sources */,
				3F5A55452795A877004C99F7 /* main.m in Sources */,
				3F5A555E2795E844004C99F7 /* TKMultipleDelegate.m in Sources */,
				3F5A55372795A86B004C99F7 /* SceneDelegate.m in Sources */,
				3F5A555A2795AFE0004C99F7 /* DelegateObj3.m in Sources */,
			);
			runOnlyForDeploymentPostprocessing = 0;
		};
/* End PBXSourcesBuildPhase section */

/* Begin PBXVariantGroup section */
		3F5A553B2795A86B004C99F7 /* Main.storyboard */ = {
			isa = PBXVariantGroup;
			children = (
				3F5A553C2795A86B004C99F7 /* Base */,
			);
			name = Main.storyboard;
			sourceTree = "<group>";
		};
		3F5A55402795A877004C99F7 /* LaunchScreen.storyboard */ = {
			isa = PBXVariantGroup;
			children = (
				3F5A55412795A877004C99F7 /* Base */,
			);
			name = LaunchScreen.storyboard;
			sourceTree = "<group>";
		};
/* End PBXVariantGroup section */

/* Begin XCBuildConfiguration section */
		3F5A55462795A877004C99F7 /* Debug */ = {
			isa = XCBuildConfiguration;
			buildSettings = {
				ALWAYS_SEARCH_USER_PATHS = NO;
				CLANG_ANALYZER_NONNULL = YES;
				CLANG_ANALYZER_NUMBER_OBJECT_CONVERSION = YES_AGGRESSIVE;
				CLANG_CXX_LANGUAGE_STANDARD = "gnu++14";
				CLANG_CXX_LIBRARY = "libc++";
				CLANG_ENABLE_MODULES = YES;
				CLANG_ENABLE_OBJC_ARC = YES;
				CLANG_ENABLE_OBJC_WEAK = YES;
				CLANG_WARN_BLOCK_CAPTURE_AUTORELEASING = YES;
				CLANG_WARN_BOOL_CONVERSION = YES;
				CLANG_WARN_COMMA = YES;
				CLANG_WARN_CONSTANT_CONVERSION = YES;
				CLANG_WARN_DEPRECATED_OBJC_IMPLEMENTATIONS = YES;
				CLANG_WARN_DIRECT_OBJC_ISA_USAGE = YES_ERROR;
				CLANG_WARN_DOCUMENTATION_COMMENTS = YES;
				CLANG_WARN_EMPTY_BODY = YES;
				CLANG_WARN_ENUM_CONVERSION = YES;
				CLANG_WARN_INFINITE_RECURSION = YES;
				CLANG_WARN_INT_CONVERSION = YES;
				CLANG_WARN_NON_LITERAL_NULL_CONVERSION = YES;
				CLANG_WARN_OBJC_IMPLICIT_RETAIN_SELF = YES;
				CLANG_WARN_OBJC_LITERAL_CONVERSION = YES;
				CLANG_WARN_OBJC_ROOT_CLASS = YES_ERROR;
				CLANG_WARN_QUOTED_INCLUDE_IN_FRAMEWORK_HEADER = YES;
				CLANG_WARN_RANGE_LOOP_ANALYSIS = YES;
				CLANG_WARN_STRICT_PROTOTYPES = YES;
				CLANG_WARN_SUSPICIOUS_MOVE = YES;
				CLANG_WARN_UNGUARDED_AVAILABILITY = YES_AGGRESSIVE;
				CLANG_WARN_UNREACHABLE_CODE = YES;
				CLANG_WARN__DUPLICATE_METHOD_MATCH = YES;
				COPY_PHASE_STRIP = NO;
				DEBUG_INFORMATION_FORMAT = dwarf;
				ENABLE_STRICT_OBJC_MSGSEND = YES;
				ENABLE_TESTABILITY = YES;
				GCC_C_LANGUAGE_STANDARD = gnu11;
				GCC_DYNAMIC_NO_PIC = NO;
				GCC_NO_COMMON_BLOCKS = YES;
				GCC_OPTIMIZATION_LEVEL = 0;
				GCC_PREPROCESSOR_DEFINITIONS = (
					"DEBUG=1",
					"$(inherited)",
				);
				GCC_WARN_64_TO_32_BIT_CONVERSION = YES;
				GCC_WARN_ABOUT_RETURN_TYPE = YES_ERROR;
				GCC_WARN_UNDECLARED_SELECTOR = YES;
				GCC_WARN_UNINITIALIZED_AUTOS = YES_AGGRESSIVE;
				GCC_WARN_UNUSED_FUNCTION = YES;
				GCC_WARN_UNUSED_VARIABLE = YES;
				IPHONEOS_DEPLOYMENT_TARGET = 14.4;
				MTL_ENABLE_DEBUG_INFO = INCLUDE_SOURCE;
				MTL_FAST_MATH = YES;
				ONLY_ACTIVE_ARCH = YES;
				SDKROOT = iphoneos;
			};
			name = Debug;
		};
		3F5A55472795A877004C99F7 /* Release */ = {
			isa = XCBuildConfiguration;
			buildSettings = {
				ALWAYS_SEARCH_USER_PATHS = NO;
				CLANG_ANALYZER_NONNULL = YES;
				CLANG_ANALYZER_NUMBER_OBJECT_CONVERSION = YES_AGGRESSIVE;
				CLANG_CXX_LANGUAGE_STANDARD = "gnu++14";
				CLANG_CXX_LIBRARY = "libc++";
				CLANG_ENABLE_MODULES = YES;
				CLANG_ENABLE_OBJC_ARC = YES;
				CLANG_ENABLE_OBJC_WEAK = YES;
				CLANG_WARN_BLOCK_CAPTURE_AUTORELEASING = YES;
				CLANG_WARN_BOOL_CONVERSION = YES;
				CLANG_WARN_COMMA = YES;
				CLANG_WARN_CONSTANT_CONVERSION = YES;
				CLANG_WARN_DEPRECATED_OBJC_IMPLEMENTATIONS = YES;
				CLANG_WARN_DIRECT_OBJC_ISA_USAGE = YES_ERROR;
				CLANG_WARN_DOCUMENTATION_COMMENTS = YES;
				CLANG_WARN_EMPTY_BODY = YES;
				CLANG_WARN_ENUM_CONVERSION = YES;
				CLANG_WARN_INFINITE_RECURSION = YES;
				CLANG_WARN_INT_CONVERSION = YES;
				CLANG_WARN_NON_LITERAL_NULL_CONVERSION = YES;
				CLANG_WARN_OBJC_IMPLICIT_RETAIN_SELF = YES;
				CLANG_WARN_OBJC_LITERAL_CONVERSION = YES;
				CLANG_WARN_OBJC_ROOT_CLASS = YES_ERROR;
				CLANG_WARN_QUOTED_INCLUDE_IN_FRAMEWORK_HEADER = YES;
				CLANG_WARN_RANGE_LOOP_ANALYSIS = YES;
				CLANG_WARN_STRICT_PROTOTYPES = YES;
				CLANG_WARN_SUSPICIOUS_MOVE = YES;
				CLANG_WARN_UNGUARDED_AVAILABILITY = YES_AGGRESSIVE;
				CLANG_WARN_UNREACHABLE_CODE = YES;
				CLANG_WARN__DUPLICATE_METHOD_MATCH = YES;
				COPY_PHASE_STRIP = NO;
				DEBUG_INFORMATION_FORMAT = "dwarf-with-dsym";
				ENABLE_NS_ASSERTIONS = NO;
				ENABLE_STRICT_OBJC_MSGSEND = YES;
				GCC_C_LANGUAGE_STANDARD = gnu11;
				GCC_NO_COMMON_BLOCKS = YES;
				GCC_WARN_64_TO_32_BIT_CONVERSION = YES;
				GCC_WARN_ABOUT_RETURN_TYPE = YES_ERROR;
				GCC_WARN_UNDECLARED_SELECTOR = YES;
				GCC_WARN_UNINITIALIZED_AUTOS = YES_AGGRESSIVE;
				GCC_WARN_UNUSED_FUNCTION = YES;
				GCC_WARN_UNUSED_VARIABLE = YES;
				IPHONEOS_DEPLOYMENT_TARGET = 14.4;
				MTL_ENABLE_DEBUG_INFO = NO;
				MTL_FAST_MATH = YES;
				SDKROOT = iphoneos;
				VALIDATE_PRODUCT = YES;
			};
			name = Release;
		};
		3F5A55492795A877004C99F7 /* Debug */ = {
			isa = XCBuildConfiguration;
			buildSettings = {
				ASSETCATALOG_COMPILER_APPICON_NAME = AppIcon;
				ASSETCATALOG_COMPILER_GLOBAL_ACCENT_COLOR_NAME = AccentColor;
				CODE_SIGN_ENTITLEMENTS = TKMultiDelegateDemo/TKMultiDelegateDemo.entitlements;
				"CODE_SIGN_IDENTITY[sdk=macosx*]" = "-";
				CODE_SIGN_STYLE = Automatic;
				DEVELOPMENT_TEAM = 39E8LG3NH3;
				"ENABLE_HARDENED_RUNTIME[sdk=macosx*]" = NO;
				INFOPLIST_FILE = TKMultiDelegateDemo/Info.plist;
				"IPHONEOS_DEPLOYMENT_TARGET[sdk=macosx*]" = 13.5;
				LD_RUNPATH_SEARCH_PATHS = (
					"$(inherited)",
					"@executable_path/Frameworks",
				);
				PRODUCT_BUNDLE_IDENTIFIER = com.sayaDev.TKMultiDelegate;
				PRODUCT_NAME = "$(TARGET_NAME)";
				SUPPORTS_MACCATALYST = YES;
				TARGETED_DEVICE_FAMILY = "1,2";
			};
			name = Debug;
		};
		3F5A554A2795A877004C99F7 /* Release */ = {
			isa = XCBuildConfiguration;
			buildSettings = {
				ASSETCATALOG_COMPILER_APPICON_NAME = AppIcon;
				ASSETCATALOG_COMPILER_GLOBAL_ACCENT_COLOR_NAME = AccentColor;
				CODE_SIGN_ENTITLEMENTS = TKMultiDelegateDemo/TKMultiDelegateDemo.entitlements;
				"CODE_SIGN_IDENTITY[sdk=macosx*]" = "-";
				CODE_SIGN_STYLE = Automatic;
				DEVELOPMENT_TEAM = 39E8LG3NH3;
				"ENABLE_HARDENED_RUNTIME[sdk=macosx*]" = NO;
				INFOPLIST_FILE = TKMultiDelegateDemo/Info.plist;
				"IPHONEOS_DEPLOYMENT_TARGET[sdk=macosx*]" = 13.5;
				LD_RUNPATH_SEARCH_PATHS = (
					"$(inherited)",
					"@executable_path/Frameworks",
				);
				PRODUCT_BUNDLE_IDENTIFIER = com.sayaDev.TKMultiDelegate;
				PRODUCT_NAME = "$(TARGET_NAME)";
				SUPPORTS_MACCATALYST = YES;
				TARGETED_DEVICE_FAMILY = "1,2";
			};
			name = Release;
		};
/* End XCBuildConfiguration section */

/* Begin XCConfigurationList section */
		3F5A552A2795A86B004C99F7 /* Build configuration list for PBXProject "TKMultiDelegateDemo" */ = {
			isa = XCConfigurationList;
			buildConfigurations = (
				3F5A55462795A877004C99F7 /* Debug */,
				3F5A55472795A877004C99F7 /* Release */,
			);
			defaultConfigurationIsVisible = 0;
			defaultConfigurationName = Release;
		};
		3F5A55482795A877004C99F7 /* Build configuration list for PBXNativeTarget "TKMultiDelegateDemo" */ = {
			isa = XCConfigurationList;
			buildConfigurations = (
				3F5A55492795A877004C99F7 /* Debug */,
				3F5A554A2795A877004C99F7 /* Release */,
			);
			defaultConfigurationIsVisible = 0;
			defaultConfigurationName = Release;
		};
/* End XCConfigurationList section */
	};
	rootObject = 3F5A55272795A86B004C99F7 /* Project object */;
}
